{
  "version": 4,
  "terraform_version": "1.12.0",
  "serial": 27,
  "lineage": "8d9d47f2-c772-b28e-3c7d-2ab2eb33018f",
  "outputs": {},
  "resources": [
    {
      "mode": "managed",
      "type": "google_cloud_run_service_iam_member",
      "name": "redis_service_invoker",
      "provider": "provider[\"registry.terraform.io/hashicorp/google\"]",
      "instances": [
        {
          "schema_version": 0,
          "attributes": {
            "condition": [],
            "etag": "BwY2q8PX45Q=",
            "id": "v1/projects/hazel-chiller-461303-m9/locations/asia-northeast1/services/redis-service/roles/run.invoker/serviceAccount:todo-app-service-account@hazel-chiller-461303-m9.iam.gserviceaccount.com",
            "location": "asia-northeast1",
            "member": "serviceAccount:todo-app-service-account@hazel-chiller-461303-m9.iam.gserviceaccount.com",
            "project": "hazel-chiller-461303-m9",
            "role": "roles/run.invoker",
            "service": "v1/projects/hazel-chiller-461303-m9/locations/asia-northeast1/services/redis-service"
          },
          "sensitive_attributes": [],
          "identity_schema_version": 0,
          "private": "bnVsbA==",
          "dependencies": [
            "google_cloud_run_v2_service.redis_service",
            "google_service_account.cloud_run_service_account"
          ]
        }
      ]
    },
    {
      "mode": "managed",
      "type": "google_cloud_run_v2_service",
      "name": "redis_service",
      "provider": "provider[\"registry.terraform.io/hashicorp/google\"]",
      "instances": [
        {
          "schema_version": 0,
          "attributes": {
            "annotations": null,
            "binary_authorization": [],
            "client": "",
            "client_version": "",
            "conditions": [
              {
                "execution_reason": "",
                "last_transition_time": "2025-06-03T14:33:31.618774Z",
                "message": "",
                "reason": "",
                "revision_reason": "",
                "severity": "",
                "state": "CONDITION_SUCCEEDED",
                "type": "RoutesReady"
              },
              {
                "execution_reason": "",
                "last_transition_time": "2025-06-03T14:33:30.436378Z",
                "message": "",
                "reason": "",
                "revision_reason": "",
                "severity": "",
                "state": "CONDITION_SUCCEEDED",
                "type": "ConfigurationsReady"
              }
            ],
            "create_time": "2025-06-03T14:33:20.819671Z",
            "creator": "mothanhuy@gmail.com",
            "delete_time": "",
            "description": "",
            "etag": "\"CLCP_MEGENjf7IYD/cHJvamVjdHMvaGF6ZWwtY2hpbGxlci00NjEzMDMtbTkvbG9jYXRpb25zL2FzaWEtbm9ydGhlYXN0MS9zZXJ2aWNlcy9yZWRpcy1zZXJ2aWNl\"",
            "expire_time": "",
            "generation": "1",
            "id": "projects/hazel-chiller-461303-m9/locations/asia-northeast1/services/redis-service",
            "ingress": "INGRESS_TRAFFIC_ALL",
            "labels": null,
            "last_modifier": "mothanhuy@gmail.com",
            "latest_created_revision": "projects/hazel-chiller-461303-m9/locations/asia-northeast1/services/redis-service/revisions/redis-service-00001-wwg",
            "latest_ready_revision": "projects/hazel-chiller-461303-m9/locations/asia-northeast1/services/redis-service/revisions/redis-service-00001-wwg",
            "launch_stage": "GA",
            "location": "asia-northeast1",
            "name": "redis-service",
            "observed_generation": "1",
            "project": "hazel-chiller-461303-m9",
            "reconciling": false,
            "template": [
              {
                "annotations": null,
                "containers": [
                  {
                    "args": [
                      "redis-server",
                      "--protected-mode",
                      "no"
                    ],
                    "command": null,
                    "env": [],
                    "image": "redis:7.4-alpine",
                    "liveness_probe": [],
                    "name": "",
                    "ports": [
                      {
                        "container_port": 6379,
                        "name": "http1"
                      }
                    ],
                    "resources": [
                      {
                        "cpu_idle": false,
                        "limits": {
                          "cpu": "1",
                          "memory": "512Mi"
                        },
                        "startup_cpu_boost": false
                      }
                    ],
                    "startup_probe": [
                      {
                        "failure_threshold": 1,
                        "grpc": [],
                        "http_get": [],
                        "initial_delay_seconds": 0,
                        "period_seconds": 240,
                        "tcp_socket": [
                          {
                            "port": 6379
                          }
                        ],
                        "timeout_seconds": 240
                      }
                    ],
                    "volume_mounts": [],
                    "working_dir": ""
                  }
                ],
                "encryption_key": "",
                "execution_environment": "",
                "labels": null,
                "max_instance_request_concurrency": 80,
                "revision": "",
                "scaling": [
                  {
                    "max_instance_count": 40,
                    "min_instance_count": 0
                  }
                ],
                "service_account": "todo-app-service-account@hazel-chiller-461303-m9.iam.gserviceaccount.com",
                "session_affinity": false,
                "timeout": "300s",
                "volumes": [],
                "vpc_access": []
              }
            ],
            "terminal_condition": [
              {
                "execution_reason": "",
                "last_transition_time": "2025-06-03T14:33:31.647612Z",
                "message": "",
                "reason": "",
                "revision_reason": "",
                "severity": "",
                "state": "CONDITION_SUCCEEDED",
                "type": "Ready"
              }
            ],
            "timeouts": null,
            "traffic": [
              {
                "percent": 100,
                "revision": "",
                "tag": "",
                "type": "TRAFFIC_TARGET_ALLOCATION_TYPE_LATEST"
              }
            ],
            "traffic_statuses": [
              {
                "percent": 100,
                "revision": "",
                "tag": "",
                "type": "TRAFFIC_TARGET_ALLOCATION_TYPE_LATEST",
                "uri": ""
              }
            ],
            "uid": "f57e92f5-9b66-4eb8-99a0-9e085ce145d1",
            "update_time": "2025-06-03T14:33:20.819671Z",
            "uri": "https://redis-service-n7nyf5qkga-an.a.run.app"
          },
          "sensitive_attributes": [],
          "identity_schema_version": 0,
          "private": "eyJlMmJmYjczMC1lY2FhLTExZTYtOGY4OC0zNDM2M2JjN2M0YzAiOnsiY3JlYXRlIjoxMjAwMDAwMDAwMDAwLCJkZWxldGUiOjEyMDAwMDAwMDAwMDAsInVwZGF0ZSI6MTIwMDAwMDAwMDAwMH19",
          "dependencies": [
            "google_service_account.cloud_run_service_account"
          ]
        }
      ]
    },
    {
      "mode": "managed",
      "type": "google_service_account",
      "name": "cloud_run_service_account",
      "provider": "provider[\"registry.terraform.io/hashicorp/google\"]",
      "instances": [
        {
          "schema_version": 0,
          "attributes": {
            "account_id": "todo-app-service-account",
            "description": "",
            "disabled": false,
            "display_name": "Service Account for Todo App Cloud Run Services",
            "email": "todo-app-service-account@hazel-chiller-461303-m9.iam.gserviceaccount.com",
            "id": "projects/hazel-chiller-461303-m9/serviceAccounts/todo-app-service-account@hazel-chiller-461303-m9.iam.gserviceaccount.com",
            "member": "serviceAccount:todo-app-service-account@hazel-chiller-461303-m9.iam.gserviceaccount.com",
            "name": "projects/hazel-chiller-461303-m9/serviceAccounts/todo-app-service-account@hazel-chiller-461303-m9.iam.gserviceaccount.com",
            "project": "hazel-chiller-461303-m9",
            "timeouts": null,
            "unique_id": "101288625140961592120"
          },
          "sensitive_attributes": [],
          "identity_schema_version": 0,
          "private": "eyJlMmJmYjczMC1lY2FhLTExZTYtOGY4OC0zNDM2M2JjN2M0YzAiOnsiY3JlYXRlIjozMDAwMDAwMDAwMDB9fQ=="
        }
      ]
    },
    {
      "mode": "managed",
      "type": "google_sql_database",
      "name": "todo_database",
      "provider": "provider[\"registry.terraform.io/hashicorp/google\"]",
      "instances": [
        {
          "schema_version": 0,
          "attributes": {
            "charset": "utf8mb4",
            "collation": "utf8mb4_0900_ai_ci",
            "deletion_policy": "DELETE",
            "id": "projects/hazel-chiller-461303-m9/instances/todo-mysql-instance/databases/todo-list",
            "instance": "todo-mysql-instance",
            "name": "todo-list",
            "project": "hazel-chiller-461303-m9",
            "self_link": "https://sqladmin.googleapis.com/sql/v1beta4/projects/hazel-chiller-461303-m9/instances/todo-mysql-instance/databases/todo-list",
            "timeouts": null
          },
          "sensitive_attributes": [],
          "identity_schema_version": 0,
          "private": "eyJlMmJmYjczMC1lY2FhLTExZTYtOGY4OC0zNDM2M2JjN2M0YzAiOnsiY3JlYXRlIjoxMjAwMDAwMDAwMDAwLCJkZWxldGUiOjEyMDAwMDAwMDAwMDAsInVwZGF0ZSI6MTIwMDAwMDAwMDAwMH19",
          "dependencies": [
            "google_sql_database_instance.mysql_instance"
          ]
        }
      ]
    },
    {
      "mode": "managed",
      "type": "google_sql_database_instance",
      "name": "mysql_instance",
      "provider": "provider[\"registry.terraform.io/hashicorp/google\"]",
      "instances": [
        {
          "schema_version": 0,
          "attributes": {
            "available_maintenance_versions": [],
            "clone": [],
            "connection_name": "hazel-chiller-461303-m9:asia-northeast1:todo-mysql-instance",
            "database_version": "MYSQL_8_0",
            "deletion_protection": false,
            "dns_name": "",
            "encryption_key_name": null,
            "first_ip_address": "35.243.93.118",
            "id": "todo-mysql-instance",
            "instance_type": "CLOUD_SQL_INSTANCE",
            "ip_address": [
              {
                "ip_address": "35.243.93.118",
                "time_to_retire": "",
                "type": "PRIMARY"
              }
            ],
            "maintenance_version": "MYSQL_8_0_40.R20250304.00_03",
            "master_instance_name": "",
            "name": "todo-mysql-instance",
            "private_ip_address": "",
            "project": "hazel-chiller-461303-m9",
            "psc_service_attachment_link": "",
            "public_ip_address": "35.243.93.118",
            "region": "asia-northeast1",
            "replica_configuration": [],
            "restore_backup_context": [],
            "root_password": null,
            "self_link": "https://sqladmin.googleapis.com/sql/v1beta4/projects/hazel-chiller-461303-m9/instances/todo-mysql-instance",
            "server_ca_cert": [
              {
                "cert": "-----BEGIN CERTIFICATE-----\nMIIDfzCCAmegAwIBAgIBADANBgkqhkiG9w0BAQsFADB3MS0wKwYDVQQuEyRhOTg1\nNTViZS0xNzljLTRjZTAtOTc1YS1jZjQ2ZWQzZTNjNmExIzAhBgNVBAMTGkdvb2ds\nZSBDbG91ZCBTUUwgU2VydmVyIENBMRQwEgYDVQQKEwtHb29nbGUsIEluYzELMAkG\nA1UEBhMCVVMwHhcNMjUwNjAzMTQzNDIwWhcNMzUwNjAxMTQzNTIwWjB3MS0wKwYD\nVQQuEyRhOTg1NTViZS0xNzljLTRjZTAtOTc1YS1jZjQ2ZWQzZTNjNmExIzAhBgNV\nBAMTGkdvb2dsZSBDbG91ZCBTUUwgU2VydmVyIENBMRQwEgYDVQQKEwtHb29nbGUs\nIEluYzELMAkGA1UEBhMCVVMwggEiMA0GCSqGSIb3DQEBAQUAA4IBDwAwggEKAoIB\nAQCXYoNM3n2ZI78DbknoYBFLzCG0ifsVamqrY62wWVuFi+bVZc9C9UKNytZlgqx5\nwaM/sBSNQss9Fm6BAcK50XCMbFYNogoFKoRM8xsgXbtvpnH0Aue4Bn40OcrfRHW3\nauZeEHqeTeurD3g4Iq4483j5TByKqdEi9/MLxJMaC3o4kUojvaVe7Q/rGx4DeXyZ\neCzLHSVv81bXvhpoZgqxdwXLB+8F3skHINOW61ZGBVyZZuO73K55kdBClBjWYVtE\n2p0VPnYF3rrqHYjS+eZyqNkXWtI6WruP8oPeSWwf45zURs68FyTxOrsF19NAHMcM\nmN+pe7dqa+EvqRuHKY5M8ZxRAgMBAAGjFjAUMBIGA1UdEwEB/wQIMAYBAf8CAQAw\nDQYJKoZIhvcNAQELBQADggEBAAdN8tT2FdQKjEJi5pVlfphG15zymthkziNeNxjo\n+1TRgGwUMcOAEa6mw9UMIjUnwDPhQ78OYO5gt4ZJKR32DmxGwlFBikK7LxoRNMHB\nxePQ1CL0hv0nnFPNcOqxnfR19DDN3hInw9ik2uFLd8J5AL2pJgOSa7lea9Q+uuPc\nFffSHioYe0it1BjI6ek2TqNLrKcMcr/2ECmW9dAZgJIigFSovKVBfKVn7dhS5bwf\nVBaKwQX6+lkwmPa68gw6SSrejqJmfLdjbcvgxOtxlThtJIuCSknXWHBU1v2KG8jS\nY0ahJPjd0Eq7GGqkfHIVoLpa8hf9t3N8z69gm1ssaimaopk=\n-----END CERTIFICATE-----",
                "common_name": "C=US,O=Google\\, Inc,CN=Google Cloud SQL Server CA,dnQualifier=a98555be-179c-4ce0-975a-cf46ed3e3c6a",
                "create_time": "2025-06-03T14:34:20.601Z",
                "expiration_time": "2035-06-01T14:35:20.601Z",
                "sha1_fingerprint": "d125be29a84a093c241488800b2df43b008a82a7"
              }
            ],
            "service_account_email_address": "p1079299261741-kcngwo@gcp-sa-cloud-sql.iam.gserviceaccount.com",
            "settings": [
              {
                "activation_policy": "ALWAYS",
                "active_directory_config": [],
                "advanced_machine_features": [],
                "availability_type": "ZONAL",
                "backup_configuration": [
                  {
                    "backup_retention_settings": [
                      {
                        "retained_backups": 7,
                        "retention_unit": "COUNT"
                      }
                    ],
                    "binary_log_enabled": false,
                    "enabled": false,
                    "location": "",
                    "point_in_time_recovery_enabled": false,
                    "start_time": "04:00",
                    "transaction_log_retention_days": 7
                  }
                ],
                "collation": "",
                "connector_enforcement": "NOT_REQUIRED",
                "data_cache_config": [],
                "database_flags": [],
                "deletion_protection_enabled": false,
                "deny_maintenance_period": [],
                "disk_autoresize": true,
                "disk_autoresize_limit": 0,
                "disk_size": 10,
                "disk_type": "PD_SSD",
                "edition": "",
                "insights_config": [],
                "ip_configuration": [
                  {
                    "allocated_ip_range": "",
                    "authorized_networks": [],
                    "enable_private_path_for_google_cloud_services": false,
                    "ipv4_enabled": true,
                    "private_network": "",
                    "psc_config": [],
                    "require_ssl": false
                  }
                ],
                "location_preference": [
                  {
                    "follow_gae_application": "",
                    "secondary_zone": "",
                    "zone": "asia-northeast1-a"
                  }
                ],
                "maintenance_window": [],
                "password_validation_policy": [],
                "pricing_plan": "PER_USE",
                "sql_server_audit_config": [],
                "tier": "db-f1-micro",
                "time_zone": "",
                "user_labels": {},
                "version": 1
              }
            ],
            "timeouts": null
          },
          "sensitive_attributes": [
            [
              {
                "type": "get_attr",
                "value": "root_password"
              }
            ]
          ],
          "identity_schema_version": 0,
          "private": "eyJlMmJmYjczMC1lY2FhLTExZTYtOGY4OC0zNDM2M2JjN2M0YzAiOnsiY3JlYXRlIjoyNDAwMDAwMDAwMDAwLCJkZWxldGUiOjE4MDAwMDAwMDAwMDAsInVwZGF0ZSI6MTgwMDAwMDAwMDAwMH19"
        }
      ]
    },
    {
      "mode": "managed",
      "type": "google_sql_user",
      "name": "mysql_user",
      "provider": "provider[\"registry.terraform.io/hashicorp/google\"]",
      "instances": [
        {
          "schema_version": 1,
          "attributes": {
            "deletion_policy": null,
            "host": "",
            "id": "root//todo-mysql-instance",
            "instance": "todo-mysql-instance",
            "name": "root",
            "password": "root_password_secret_tcp",
            "password_policy": [],
            "project": "hazel-chiller-461303-m9",
            "sql_server_user_details": [],
            "timeouts": null,
            "type": ""
          },
          "sensitive_attributes": [
            [
              {
                "type": "get_attr",
                "value": "password"
              }
            ]
          ],
          "identity_schema_version": 0,
          "private": "eyJlMmJmYjczMC1lY2FhLTExZTYtOGY4OC0zNDM2M2JjN2M0YzAiOnsiY3JlYXRlIjo2MDAwMDAwMDAwMDAsImRlbGV0ZSI6NjAwMDAwMDAwMDAwLCJ1cGRhdGUiOjYwMDAwMDAwMDAwMH0sInNjaGVtYV92ZXJzaW9uIjoiMSJ9",
          "dependencies": [
            "google_sql_database_instance.mysql_instance"
          ]
        }
      ]
    }
  ],
  "check_results": null
}
